// !$*UTF8*$!
{
	archiveVersion = 1;
	classes = {
	};
	objectVersion = 52;
	objects = {

/* Begin PBXBuildFile section */
		D9073B2926D76F2600664398 /* AppDelegate.swift in Sources */ = {isa = PBXBuildFile; fileRef = D9073B2826D76F2600664398 /* AppDelegate.swift */; };
		D9073B2B26D76F2600664398 /* SceneDelegate.swift in Sources */ = {isa = PBXBuildFile; fileRef = D9073B2A26D76F2600664398 /* SceneDelegate.swift */; };
		D9073B2D26D76F2600664398 /* ViewController.swift in Sources */ = {isa = PBXBuildFile; fileRef = D9073B2C26D76F2600664398 /* ViewController.swift */; };
		D9073B3026D76F2600664398 /* Main.storyboard in Resources */ = {isa = PBXBuildFile; fileRef = D9073B2E26D76F2600664398 /* Main.storyboard */; };
		D9073B3226D76F3800664398 /* Assets.xcassets in Resources */ = {isa = PBXBuildFile; fileRef = D9073B3126D76F3800664398 /* Assets.xcassets */; };
		D9073B3526D76F3800664398 /* LaunchScreen.storyboard in Resources */ = {isa = PBXBuildFile; fileRef = D9073B3326D76F3800664398 /* LaunchScreen.storyboard */; };
		D9073B4626D7703C00664398 /* SnapKit in Frameworks */ = {isa = PBXBuildFile; productRef = D9073B4526D7703C00664398 /* SnapKit */; };
		D9073B4926D770A700664398 /* JCBrowserView.swift in Sources */ = {isa = PBXBuildFile; fileRef = D9073B4826D770A700664398 /* JCBrowserView.swift */; };
		D9073B4C26D7723E00664398 /* JCToolBar.swift in Sources */ = {isa = PBXBuildFile; fileRef = D9073B4B26D7723E00664398 /* JCToolBar.swift */; };
		D9073B5726D77B4600664398 /* JCBrowserController.swift in Sources */ = {isa = PBXBuildFile; fileRef = D9073B5626D77B4600664398 /* JCBrowserController.swift */; };
/* End PBXBuildFile section */

/* Begin PBXFileReference section */
		D9073B2526D76F2600664398 /* JCWebBrowser.app */ = {isa = PBXFileReference; explicitFileType = wrapper.application; includeInIndex = 0; path = JCWebBrowser.app; sourceTree = BUILT_PRODUCTS_DIR; };
		D9073B2826D76F2600664398 /* AppDelegate.swift */ = {isa = PBXFileReference; lastKnownFileType = sourcecode.swift; path = AppDelegate.swift; sourceTree = "<group>"; };
		D9073B2A26D76F2600664398 /* SceneDelegate.swift */ = {isa = PBXFileReference; lastKnownFileType = sourcecode.swift; path = SceneDelegate.swift; sourceTree = "<group>"; };
		D9073B2C26D76F2600664398 /* ViewController.swift */ = {isa = PBXFileReference; lastKnownFileType = sourcecode.swift; path = ViewController.swift; sourceTree = "<group>"; };
		D9073B2F26D76F2600664398 /* Base */ = {isa = PBXFileReference; lastKnownFileType = file.storyboard; name = Base; path = Base.lproj/Main.storyboard; sourceTree = "<group>"; };
		D9073B3126D76F3800664398 /* Assets.xcassets */ = {isa = PBXFileReference; lastKnownFileType = folder.assetcatalog; path = Assets.xcassets; sourceTree = "<group>"; };
		D9073B3426D76F3800664398 /* Base */ = {isa = PBXFileReference; lastKnownFileType = file.storyboard; name = Base; path = Base.lproj/LaunchScreen.storyboard; sourceTree = "<group>"; };
		D9073B3626D76F3800664398 /* Info.plist */ = {isa = PBXFileReference; lastKnownFileType = text.plist.xml; path = Info.plist; sourceTree = "<group>"; };
		D9073B4826D770A700664398 /* JCBrowserView.swift */ = {isa = PBXFileReference; lastKnownFileType = sourcecode.swift; path = JCBrowserView.swift; sourceTree = "<group>"; };
		D9073B4B26D7723E00664398 /* JCToolBar.swift */ = {isa = PBXFileReference; lastKnownFileType = sourcecode.swift; path = JCToolBar.swift; sourceTree = "<group>"; };
		D9073B5626D77B4600664398 /* JCBrowserController.swift */ = {isa = PBXFileReference; lastKnownFileType = sourcecode.swift; path = JCBrowserController.swift; sourceTree = "<group>"; };
/* End PBXFileReference section */

/* Begin PBXFrameworksBuildPhase section */
		D9073B2226D76F2600664398 /* Frameworks */ = {
			isa = PBXFrameworksBuildPhase;
			buildActionMask = 2147483647;
			files = (
				D9073B4626D7703C00664398 /* SnapKit in Frameworks */,
			);
			runOnlyForDeploymentPostprocessing = 0;
		};
/* End PBXFrameworksBuildPhase section */

/* Begin PBXGroup section */
		D9073B1C26D76F2600664398 = {
			isa = PBXGroup;
			children = (
				D9073B2726D76F2600664398 /* JCWebBrowser */,
				D9073B2626D76F2600664398 /* Products */,
			);
			sourceTree = "<group>";
		};
		D9073B2626D76F2600664398 /* Products */ = {
			isa = PBXGroup;
			children = (
				D9073B2526D76F2600664398 /* JCWebBrowser.app */,
			);
			name = Products;
			sourceTree = "<group>";
		};
		D9073B2726D76F2600664398 /* JCWebBrowser */ = {
			isa = PBXGroup;
			children = (
				D9073B4326D76FE500664398 /* Model */,
				D9073B4226D76FDD00664398 /* View */,
				D9073B4126D76FD300664398 /* Controller */,
				D9073B4026D76FC800664398 /* Delegate */,
				D9073B2E26D76F2600664398 /* Main.storyboard */,
				D9073B3126D76F3800664398 /* Assets.xcassets */,
				D9073B3326D76F3800664398 /* LaunchScreen.storyboard */,
				D9073B3626D76F3800664398 /* Info.plist */,
			);
			path = JCWebBrowser;
			sourceTree = "<group>";
		};
		D9073B4026D76FC800664398 /* Delegate */ = {
			isa = PBXGroup;
			children = (
				D9073B2826D76F2600664398 /* AppDelegate.swift */,
				D9073B2A26D76F2600664398 /* SceneDelegate.swift */,
			);
			path = Delegate;
			sourceTree = "<group>";
		};
		D9073B4126D76FD300664398 /* Controller */ = {
			isa = PBXGroup;
			children = (
				D9073B2C26D76F2600664398 /* ViewController.swift */,
				D9073B5626D77B4600664398 /* JCBrowserController.swift */,
			);
			path = Controller;
			sourceTree = "<group>";
		};
		D9073B4226D76FDD00664398 /* View */ = {
			isa = PBXGroup;
			children = (
				D9073B4B26D7723E00664398 /* JCToolBar.swift */,
				D9073B4826D770A700664398 /* JCBrowserView.swift */,
			);
			path = View;
			sourceTree = "<group>";
		};
		D9073B4326D76FE500664398 /* Model */ = {
			isa = PBXGroup;
			children = (
			);
			path = Model;
			sourceTree = "<group>";
		};
/* End PBXGroup section */

/* Begin PBXNativeTarget section */
		D9073B2426D76F2600664398 /* JCWebBrowser */ = {
			isa = PBXNativeTarget;
			buildConfigurationList = D9073B3926D76F3800664398 /* Build configuration list for PBXNativeTarget "JCWebBrowser" */;
			buildPhases = (
				D9073B2126D76F2600664398 /* Sources */,
				D9073B2226D76F2600664398 /* Frameworks */,
				D9073B2326D76F2600664398 /* Resources */,
			);
			buildRules = (
			);
			dependencies = (
			);
			name = JCWebBrowser;
			packageProductDependencies = (
				D9073B4526D7703C00664398 /* SnapKit */,
			);
			productName = JCWebBrowser;
			productReference = D9073B2526D76F2600664398 /* JCWebBrowser.app */;
			productType = "com.apple.product-type.application";
		};
/* End PBXNativeTarget section */

/* Begin PBXProject section */
		D9073B1D26D76F2600664398 /* Project object */ = {
			isa = PBXProject;
			attributes = {
				LastSwiftUpdateCheck = 1240;
				LastUpgradeCheck = 1240;
				TargetAttributes = {
					D9073B2426D76F2600664398 = {
						CreatedOnToolsVersion = 12.4;
					};
				};
			};
			buildConfigurationList = D9073B2026D76F2600664398 /* Build configuration list for PBXProject "JCWebBrowser" */;
			compatibilityVersion = "Xcode 9.3";
			developmentRegion = en;
			hasScannedForEncodings = 0;
			knownRegions = (
				en,
				Base,
			);
			mainGroup = D9073B1C26D76F2600664398;
			packageReferences = (
				D9073B4426D7703C00664398 /* XCRemoteSwiftPackageReference "SnapKit" */,
			);
			productRefGroup = D9073B2626D76F2600664398 /* Products */;
			projectDirPath = "";
			projectRoot = "";
			targets = (
				D9073B2426D76F2600664398 /* JCWebBrowser */,
			);
		};
/* End PBXProject section */

/* Begin PBXResourcesBuildPhase section */
		D9073B2326D76F2600664398 /* Resources */ = {
			isa = PBXResourcesBuildPhase;
			buildActionMask = 2147483647;
			files = (
				D9073B3526D76F3800664398 /* LaunchScreen.storyboard in Resources */,
				D9073B3226D76F3800664398 /* Assets.xcassets in Resources */,
				D9073B3026D76F2600664398 /* Main.storyboard in Resources */,
			);
			runOnlyForDeploymentPostprocessing = 0;
		};
/* End PBXResourcesBuildPhase section */

/* Begin PBXSourcesBuildPhase section */
		D9073B2126D76F2600664398 /* Sources */ = {
			isa = PBXSourcesBuildPhase;
			buildActionMask = 2147483647;
			files = (
				D9073B4C26D7723E00664398 /* JCToolBar.swift in Sources */,
				D9073B2D26D76F2600664398 /* ViewController.swift in Sources */,
				D9073B2926D76F2600664398 /* AppDelegate.swift in Sources */,
				D9073B4926D770A700664398 /* JCBrowserView.swift in Sources */,
				D9073B5726D77B4600664398 /* JCBrowserController.swift in Sources */,
				D9073B2B26D76F2600664398 /* SceneDelegate.swift in Sources */,
			);
			runOnlyForDeploymentPostprocessing = 0;
		};
/* End PBXSourcesBuildPhase section */

/* Begin PBXVariantGroup section */
		D9073B2E26D76F2600664398 /* Main.storyboard */ = {
			isa = PBXVariantGroup;
			children = (
				D9073B2F26D76F2600664398 /* Base */,
			);
			name = Main.storyboard;
			sourceTree = "<group>";
		};
		D9073B3326D76F3800664398 /* LaunchScreen.storyboard */ = {
			isa = PBXVariantGroup;
			children = (
				D9073B3426D76F3800664398 /* Base */,
			);
			name = LaunchScreen.storyboard;
			sourceTree = "<group>";
		};
/* End PBXVariantGroup section */

/* Begin XCBuildConfiguration section */
		D9073B3726D76F3800664398 /* Debug */ = {
			isa = XCBuildConfiguration;
			buildSettings = {
				ALWAYS_SEARCH_USER_PATHS = NO;
				CLANG_ANALYZER_NONNULL = YES;
				CLANG_ANALYZER_NUMBER_OBJECT_CONVERSION = YES_AGGRESSIVE;
				CLANG_CXX_LANGUAGE_STANDARD = "gnu++14";
				CLANG_CXX_LIBRARY = "libc++";
				CLANG_ENABLE_MODULES = YES;
				CLANG_ENABLE_OBJC_ARC = YES;
				CLANG_ENABLE_OBJC_WEAK = YES;
				CLANG_WARN_BLOCK_CAPTURE_AUTORELEASING = YES;
				CLANG_WARN_BOOL_CONVERSION = YES;
				CLANG_WARN_COMMA = YES;
				CLANG_WARN_CONSTANT_CONVERSION = YES;
				CLANG_WARN_DEPRECATED_OBJC_IMPLEMENTATIONS = YES;
				CLANG_WARN_DIRECT_OBJC_ISA_USAGE = YES_ERROR;
				CLANG_WARN_DOCUMENTATION_COMMENTS = YES;
				CLANG_WARN_EMPTY_BODY = YES;
				CLANG_WARN_ENUM_CONVERSION = YES;
				CLANG_WARN_INFINITE_RECURSION = YES;
				CLANG_WARN_INT_CONVERSION = YES;
				CLANG_WARN_NON_LITERAL_NULL_CONVERSION = YES;
				CLANG_WARN_OBJC_IMPLICIT_RETAIN_SELF = YES;
				CLANG_WARN_OBJC_LITERAL_CONVERSION = YES;
				CLANG_WARN_OBJC_ROOT_CLASS = YES_ERROR;
				CLANG_WARN_QUOTED_INCLUDE_IN_FRAMEWORK_HEADER = YES;
				CLANG_WARN_RANGE_LOOP_ANALYSIS = YES;
				CLANG_WARN_STRICT_PROTOTYPES = YES;
				CLANG_WARN_SUSPICIOUS_MOVE = YES;
				CLANG_WARN_UNGUARDED_AVAILABILITY = YES_AGGRESSIVE;
				CLANG_WARN_UNREACHABLE_CODE = YES;
				CLANG_WARN__DUPLICATE_METHOD_MATCH = YES;
				COPY_PHASE_STRIP = NO;
				DEBUG_INFORMATION_FORMAT = dwarf;
				ENABLE_STRICT_OBJC_MSGSEND = YES;
				ENABLE_TESTABILITY = YES;
				GCC_C_LANGUAGE_STANDARD = gnu11;
				GCC_DYNAMIC_NO_PIC = NO;
				GCC_NO_COMMON_BLOCKS = YES;
				GCC_OPTIMIZATION_LEVEL = 0;
				GCC_PREPROCESSOR_DEFINITIONS = (
					"DEBUG=1",
					"$(inherited)",
				);
				GCC_WARN_64_TO_32_BIT_CONVERSION = YES;
				GCC_WARN_ABOUT_RETURN_TYPE = YES_ERROR;
				GCC_WARN_UNDECLARED_SELECTOR = YES;
				GCC_WARN_UNINITIALIZED_AUTOS = YES_AGGRESSIVE;
				GCC_WARN_UNUSED_FUNCTION = YES;
				GCC_WARN_UNUSED_VARIABLE = YES;
				IPHONEOS_DEPLOYMENT_TARGET = 14.4;
				MTL_ENABLE_DEBUG_INFO = INCLUDE_SOURCE;
				MTL_FAST_MATH = YES;
				ONLY_ACTIVE_ARCH = YES;
				SDKROOT = iphoneos;
				SWIFT_ACTIVE_COMPILATION_CONDITIONS = DEBUG;
				SWIFT_OPTIMIZATION_LEVEL = "-Onone";
			};
			name = Debug;
		};
		D9073B3826D76F3800664398 /* Release */ = {
			isa = XCBuildConfiguration;
			buildSettings = {
				ALWAYS_SEARCH_USER_PATHS = NO;
				CLANG_ANALYZER_NONNULL = YES;
				CLANG_ANALYZER_NUMBER_OBJECT_CONVERSION = YES_AGGRESSIVE;
				CLANG_CXX_LANGUAGE_STANDARD = "gnu++14";
				CLANG_CXX_LIBRARY = "libc++";
				CLANG_ENABLE_MODULES = YES;
				CLANG_ENABLE_OBJC_ARC = YES;
				CLANG_ENABLE_OBJC_WEAK = YES;
				CLANG_WARN_BLOCK_CAPTURE_AUTORELEASING = YES;
				CLANG_WARN_BOOL_CONVERSION = YES;
				CLANG_WARN_COMMA = YES;
				CLANG_WARN_CONSTANT_CONVERSION = YES;
				CLANG_WARN_DEPRECATED_OBJC_IMPLEMENTATIONS = YES;
				CLANG_WARN_DIRECT_OBJC_ISA_USAGE = YES_ERROR;
				CLANG_WARN_DOCUMENTATION_COMMENTS = YES;
				CLANG_WARN_EMPTY_BODY = YES;
				CLANG_WARN_ENUM_CONVERSION = YES;
				CLANG_WARN_INFINITE_RECURSION = YES;
				CLANG_WARN_INT_CONVERSION = YES;
				CLANG_WARN_NON_LITERAL_NULL_CONVERSION = YES;
				CLANG_WARN_OBJC_IMPLICIT_RETAIN_SELF = YES;
				CLANG_WARN_OBJC_LITERAL_CONVERSION = YES;
				CLANG_WARN_OBJC_ROOT_CLASS = YES_ERROR;
				CLANG_WARN_QUOTED_INCLUDE_IN_FRAMEWORK_HEADER = YES;
				CLANG_WARN_RANGE_LOOP_ANALYSIS = YES;
				CLANG_WARN_STRICT_PROTOTYPES = YES;
				CLANG_WARN_SUSPICIOUS_MOVE = YES;
				CLANG_WARN_UNGUARDED_AVAILABILITY = YES_AGGRESSIVE;
				CLANG_WARN_UNREACHABLE_CODE = YES;
				CLANG_WARN__DUPLICATE_METHOD_MATCH = YES;
				COPY_PHASE_STRIP = NO;
				DEBUG_INFORMATION_FORMAT = "dwarf-with-dsym";
				ENABLE_NS_ASSERTIONS = NO;
				ENABLE_STRICT_OBJC_MSGSEND = YES;
				GCC_C_LANGUAGE_STANDARD = gnu11;
				GCC_NO_COMMON_BLOCKS = YES;
				GCC_WARN_64_TO_32_BIT_CONVERSION = YES;
				GCC_WARN_ABOUT_RETURN_TYPE = YES_ERROR;
				GCC_WARN_UNDECLARED_SELECTOR = YES;
				GCC_WARN_UNINITIALIZED_AUTOS = YES_AGGRESSIVE;
				GCC_WARN_UNUSED_FUNCTION = YES;
				GCC_WARN_UNUSED_VARIABLE = YES;
				IPHONEOS_DEPLOYMENT_TARGET = 14.4;
				MTL_ENABLE_DEBUG_INFO = NO;
				MTL_FAST_MATH = YES;
				SDKROOT = iphoneos;
				SWIFT_COMPILATION_MODE = wholemodule;
				SWIFT_OPTIMIZATION_LEVEL = "-O";
				VALIDATE_PRODUCT = YES;
			};
			name = Release;
		};
		D9073B3A26D76F3800664398 /* Debug */ = {
			isa = XCBuildConfiguration;
			buildSettings = {
				ASSETCATALOG_COMPILER_APPICON_NAME = AppIcon;
				ASSETCATALOG_COMPILER_GLOBAL_ACCENT_COLOR_NAME = AccentColor;
				CODE_SIGN_STYLE = Automatic;
				DEVELOPMENT_TEAM = 79BPG52476;
				INFOPLIST_FILE = JCWebBrowser/Info.plist;
				IPHONEOS_DEPLOYMENT_TARGET = 13.0;
				LD_RUNPATH_SEARCH_PATHS = (
					"$(inherited)",
					"@executable_path/Frameworks",
				);
				PRODUCT_BUNDLE_IDENTIFIER = joshchen.JCWebBrowser;
				PRODUCT_NAME = "$(TARGET_NAME)";
				SWIFT_VERSION = 5.0;
				TARGETED_DEVICE_FAMILY = "1,2";
			};
			name = Debug;
		};
		D9073B3B26D76F3800664398 /* Release */ = {
			isa = XCBuildConfiguration;
			buildSettings = {
				ASSETCATALOG_COMPILER_APPICON_NAME = AppIcon;
				ASSETCATALOG_COMPILER_GLOBAL_ACCENT_COLOR_NAME = AccentColor;
				CODE_SIGN_STYLE = Automatic;
				DEVELOPMENT_TEAM = 79BPG52476;
				INFOPLIST_FILE = JCWebBrowser/Info.plist;
				IPHONEOS_DEPLOYMENT_TARGET = 13.0;
				LD_RUNPATH_SEARCH_PATHS = (
					"$(inherited)",
					"@executable_path/Frameworks",
				);
				PRODUCT_BUNDLE_IDENTIFIER = joshchen.JCWebBrowser;
				PRODUCT_NAME = "$(TARGET_NAME)";
				SWIFT_VERSION = 5.0;
				TARGETED_DEVICE_FAMILY = "1,2";
			};
			name = Release;
		};
/* End XCBuildConfiguration section */

/* Begin XCConfigurationList section */
		D9073B2026D76F2600664398 /* Build configuration list for PBXProject "JCWebBrowser" */ = {
			isa = XCConfigurationList;
			buildConfigurations = (
				D9073B3726D76F3800664398 /* Debug */,
				D9073B3826D76F3800664398 /* Release */,
			);
			defaultConfigurationIsVisible = 0;
			defaultConfigurationName = Release;
		};
		D9073B3926D76F3800664398 /* Build configuration list for PBXNativeTarget "JCWebBrowser" */ = {
			isa = XCConfigurationList;
			buildConfigurations = (
				D9073B3A26D76F3800664398 /* Debug */,
				D9073B3B26D76F3800664398 /* Release */,
			);
			defaultConfigurationIsVisible = 0;
			defaultConfigurationName = Release;
		};
/* End XCConfigurationList section */

/* Begin XCRemoteSwiftPackageReference section */
		D9073B4426D7703C00664398 /* XCRemoteSwiftPackageReference "SnapKit" */ = {
			isa = XCRemoteSwiftPackageReference;
			repositoryURL = "https://github.com/SnapKit/SnapKit";
			requirement = {
				kind = upToNextMajorVersion;
				minimumVersion = 5.0.1;
			};
		};
/* End XCRemoteSwiftPackageReference section */

/* Begin XCSwiftPackageProductDependency section */
		D9073B4526D7703C00664398 /* SnapKit */ = {
			isa = XCSwiftPackageProductDependency;
			package = D9073B4426D7703C00664398 /* XCRemoteSwiftPackageReference "SnapKit" */;
			productName = SnapKit;
		};
/* End XCSwiftPackageProductDependency section */
	};
	rootObject = D9073B1D26D76F2600664398 /* Project object */;
}
